{
    "_readme": [
        "This file locks the dependencies of your project to a known state",
        "Read more about it at https://getcomposer.org/doc/01-basic-usage.md#installing-dependencies",
        "This file is @generated automatically"
    ],
    "content-hash": "3f64a9c304013bd80813aa3a217f8c50",
    "packages": [
        {
            "name": "jeremy-dunn/php-fedex-api-wrapper",
            "version": "3.0",
            "source": {
                "type": "git",
                "url": "https://github.com/JeremyDunn/php-fedex-api-wrapper.git",
                "reference": "6b7465013b7f8313801d635a0bf864b0afcb5007"
            },
            "dist": {
                "type": "zip",
                "url": "https://api.github.com/repos/JeremyDunn/php-fedex-api-wrapper/zipball/6b7465013b7f8313801d635a0bf864b0afcb5007",
                "reference": "6b7465013b7f8313801d635a0bf864b0afcb5007",
                "shasum": ""
            },
            "require": {
                "php": ">=5.4.0"
            },
            "require-dev": {
                "apigen/apigen": "^4.1",
                "fzaninotto/faker": "^1.6",
                "phpunit/phpunit": "^5.7",
                "squizlabs/php_codesniffer": "*",
                "symfony/console": "2.*"
            },
            "type": "library",
            "autoload": {
                "psr-4": {
                    "FedEx\\": "src/FedEx/",
                    "FedEx\\Utility\\": "util/",
                    "FedEx\\Tests\\": "tests/FedEx/Tests"
                }
            },
            "notification-url": "https://packagist.org/downloads/",
            "license": [
                "MIT"
            ],
            "authors": [
                {
                    "name": "Jeremy Dunn",
                    "email": "jeremy@jsdunn.info",
                    "homepage": "http://www.jsdunn.info"
                }
            ],
            "description": "API Wrapper for Fedex web services",
            "homepage": "https://github.com/JeremyDunn/php-fedex-api-wrapper",
            "keywords": [
                "FedEx",
                "shipping",
                "soap"
            ],
            "time": "2018-12-27T15:44:58+00:00"
        }
    ],
    "packages-dev": [],
    "aliases": [],
    "minimum-stability": "stable",
    "stability-flags": [],
    "prefer-stable": false,
    "prefer-lowest": false,
    "platform": [],
    "platform-dev": [],
    "plugin-api-version": "1.1.0"
}
